# This file is automatically @generated by Cargo.
# It is not intended for manual editing.
version = 4

[[package]]
name = "datalink-extcore"
version = "0.1.0"
dependencies = [
 "datalink-valuemodel",
]

[[package]]
name = "datalink-valuemodel"
version = "0.1.0"

[[package]]
name = "emoji-core"
version = "0.1.0"
dependencies = [
 "datalink-extcore",
 "emojis",
]

[[package]]
name = "emojis"
version = "0.8.2"
source = "registry+https://github.com/rust-lang/crates.io-index"
checksum = "0a4d5d50b0b58df5173d8ff1192b4d1422ceae5d981b30d4b6f8ed1d673a2bc4"
dependencies = [
 "phf",
]

[[package]]
name = "phf"
version = "0.13.1"
source = "registry+https://github.com/rust-lang/crates.io-index"
checksum = "c1562dc717473dbaa4c1f85a36410e03c047b2e7df7f45ee938fbef64ae7fadf"
dependencies = [
 "phf_shared",
]

[[package]]
name = "phf_shared"
version = "0.13.1"
source = "registry+https://github.com/rust-lang/crates.io-index"
checksum = "e57fef6bc5981e38c2ce2d63bfa546861309f875b8a75f092d1d54ae2d64f266"
dependencies = [
 "siphasher",
]

[[package]]
name = "siphasher"
version = "1.0.3"
source = "registry+https://github.com/rust-lang/crates.io-index"
checksum = "8ee5873ec9cce0195efcb7a4e9507a04cd49aec9c83d0389df45b1ef7ba2e649"
