# This file is automatically @generated by Cargo.
# It is not intended for manual editing.
version = 4

[[package]]
name = "bech32"
version = "0.12.0"
source = "registry+https://github.com/rust-lang/crates.io-index"
checksum = "efbd3e1070bbdf4cd88a75264e18e8a26f7cb5c6949eadf0ceb85fb159cf08f8"

[[package]]
name = "bech32-core"
version = "0.1.0"
dependencies = [
 "bech32",
 "datalink-extcore",
]

[[package]]
name = "datalink-extcore"
version = "0.1.0"
dependencies = [
 "datalink-valuemodel",
]

[[package]]
name = "datalink-valuemodel"
version = "0.1.0"
