# This file is automatically @generated by Cargo.
# It is not intended for manual editing.
version = 4

[[package]]
name = "datalink-extcore"
version = "0.1.0"
dependencies = [
 "datalink-valuemodel",
]

[[package]]
name = "datalink-valuemodel"
version = "0.1.0"

[[package]]
name = "harsh"
version = "0.2.2"
source = "registry+https://github.com/rust-lang/crates.io-index"
checksum = "a6fce2283849822530a18d7d8eeb1719ac65a27cfb6649c0dc8dfd2d2cc5edfb"

[[package]]
name = "hashids-core"
version = "0.1.0"
dependencies = [
 "datalink-extcore",
 "harsh",
]
