# This file is automatically @generated by Cargo.
# It is not intended for manual editing.
version = 4

[[package]]
name = "datalink-extcore"
version = "0.1.0"
dependencies = [
 "datalink-valuemodel",
]

[[package]]
name = "datalink-valuemodel"
version = "0.1.0"

[[package]]
name = "roman"
version = "0.1.6"
source = "registry+https://github.com/rust-lang/crates.io-index"
checksum = "d2c543f0c827ae24df93159810fd4bce2d0abe3785bb4c4d68fae3c467d58d9b"

[[package]]
name = "roman-core"
version = "0.1.0"
dependencies = [
 "datalink-extcore",
 "roman",
]
