# This file is automatically @generated by Cargo.
# It is not intended for manual editing.
version = 4

[[package]]
name = "a5"
version = "0.9.0"
source = "registry+https://github.com/rust-lang/crates.io-index"
checksum = "2ed6d76405b82e5dbbceed9305e0e3d8e1c63a2aeb236fe3ebd0f49c6f76d55e"
dependencies = [
 "lazy_static",
]

[[package]]
name = "a5-core"
version = "0.1.0"
dependencies = [
 "a5",
 "datalink-extcore",
]

[[package]]
name = "datalink-extcore"
version = "0.1.0"
dependencies = [
 "datalink-valuemodel",
]

[[package]]
name = "datalink-valuemodel"
version = "0.1.0"

[[package]]
name = "lazy_static"
version = "1.5.0"
source = "registry+https://github.com/rust-lang/crates.io-index"
checksum = "bbd2bcb4c963f2ddae06a2efc7e9f3591312473c50c6685e1f298068316e66fe"
