# This file is automatically @generated by Cargo.
# It is not intended for manual editing.
version = 4

[[package]]
name = "base45"
version = "3.2.0"
source = "registry+https://github.com/rust-lang/crates.io-index"
checksum = "240e56f4d3c453c36faacb695c535a4d5f8c7d23dac175014f32eb0a71012a03"

[[package]]
name = "base45-core"
version = "0.1.0"
dependencies = [
 "base45",
 "datalink-extcore",
]

[[package]]
name = "datalink-extcore"
version = "0.1.0"
dependencies = [
 "datalink-valuemodel",
]

[[package]]
name = "datalink-valuemodel"
version = "0.1.0"
