# This file is automatically @generated by Cargo.
# It is not intended for manual editing.
version = 4

[[package]]
name = "datalink-extcore"
version = "0.1.0"
dependencies = [
 "datalink-valuemodel",
]

[[package]]
name = "datalink-valuemodel"
version = "0.1.0"

[[package]]
name = "escape-core"
version = "0.1.0"
dependencies = [
 "datalink-extcore",
 "html-escape",
 "percent-encoding",
]

[[package]]
name = "html-escape"
version = "0.2.14"
source = "registry+https://github.com/rust-lang/crates.io-index"
checksum = "46c1ff2d1cbf39efe5af0900ced8a069b5e61557a17544eb0c4a50239937389e"

[[package]]
name = "percent-encoding"
version = "2.3.2"
source = "registry+https://github.com/rust-lang/crates.io-index"
checksum = "9b4f627cb1b25917193a259e49bdad08f671f8d9708acfd5fe0a8c1455d87220"
