# This file is automatically @generated by Cargo.
# It is not intended for manual editing.
version = 4

[[package]]
name = "aggstat-core"
version = "0.1.0"
dependencies = [
 "datalink-extcore",
]

[[package]]
name = "datalink-extcore"
version = "0.1.0"
dependencies = [
 "datalink-valuemodel",
]

[[package]]
name = "datalink-valuemodel"
version = "0.1.0"
