# This file is automatically @generated by Cargo.
# It is not intended for manual editing.
version = 4

[[package]]
name = "ascii85"
version = "0.2.1"
source = "registry+https://github.com/rust-lang/crates.io-index"
checksum = "1f7b2cc50ccfca05cc3e99a014901ae232948108082a2eecebc3ab6544ebd938"

[[package]]
name = "ascii85-core"
version = "0.1.0"
dependencies = [
 "ascii85",
 "datalink-extcore",
]

[[package]]
name = "datalink-extcore"
version = "0.1.0"
dependencies = [
 "datalink-valuemodel",
]

[[package]]
name = "datalink-valuemodel"
version = "0.1.0"
