# This file is automatically @generated by Cargo.
# It is not intended for manual editing.
version = 4

[[package]]
name = "datalink-extcore"
version = "0.1.0"
dependencies = [
 "datalink-valuemodel",
]

[[package]]
name = "datalink-valuemodel"
version = "0.1.0"

[[package]]
name = "quoted_printable"
version = "0.5.2"
source = "registry+https://github.com/rust-lang/crates.io-index"
checksum = "478e0585659a122aa407eb7e3c0e1fa51b1d8a870038bd29f0cf4a8551eea972"

[[package]]
name = "quotedprintable-core"
version = "0.1.0"
dependencies = [
 "datalink-extcore",
 "quoted_printable",
]
